ImageIO==2.37.4
PyYAML==6.0.3
Pygments==2.21.0
affine==3.0.1
astropy==7.2.0
astropy-iers-data==0.2026.9.14.0.56.43
attrs==26.1.0
certifi==2026.7.22
cffi==2.1.1
charset-normalizer==3.5.1
click==8.5.0
click-plugins==1.1.1.2
cligj==0.7.2
colorama==0.4.6
contourpy==1.3.3
cryptography==50.0.1
cycler==0.12.1
earthengine-api==1.7.43
fonttools==4.65.0
google-api-core==2.38.0
google-api-python-client==2.200.0
google-auth==2.58.0
google-auth-httplib2==0.4.2
google-cloud-core==2.7.0
google-cloud-storage==3.14.1
google-crc32c==1.8.0
google-resumable-media==2.10.2
googleapis-common-protos==1.75.3
httplib2==0.32.0
idna==3.20
iniconfig==2.3.0
kiwisolver==1.5.1
lazy-loader==0.5
llvmlite==0.49.0
matplotlib==3.11.2
munkres==1.1.4
networkx==3.6.1
numba==0.67.0
numpy==1.26.4
opencv-python-headless==4.10.0.84
opentelemetry-api==1.44.0
packaging==26.3
pandas==3.0.6
pillow==12.3.0
pip==26.2.1
pluggy==1.6.0
proto-plus==1.28.4
protobuf==7.36.2
pyasn1==0.6.4
pyasn1_modules==0.4.2
pycparser==3.0
pyerfa==2.0.1.5
pyparsing==3.3.2
pyproj==3.7.2
pytest==9.1.1
python-dateutil==2.9.0.post0
rasterio==1.4.4
requests==2.34.2
scikit-image==0.25.2
scipy==1.17.1
setuptools==84.0.0
six==1.17.0
snuggs==1.4.7
tifffile==2026.3.3
typing_extensions==4.16.0
tzdata==2026.3
unicodedata2==17.0.1
uritemplate==4.2.0
urllib3==2.8.0
wheel==0.48.0
